
Microsoft Visual Studio Solution File, Format Version 12.00
# Visual Studio Version 16
VisualStudioVersion = 16.0.31729.503
MinimumVisualStudioVersion = 10.0.40219.1
Project("{FAE04EC0-301F-11D3-BF4B-00C04F79EFBC}") = "Courseworkd_DB", "Courseworkd_DB.csproj", "{2AC6DBB5-0577-47FC-A979-B6605ACEECDD}"
EndProject
Global
	GlobalSection(SolutionConfigurationPlatforms) = preSolution
		Debug|Any CPU = Debug|Any CPU
		Release|Any CPU = Release|Any CPU
	EndGlobalSection
	GlobalSection(ProjectConfigurationPlatforms) = postSolution
		{2AC6DBB5-0577-47FC-A979-B6605ACEECDD}.Debug|Any CPU.ActiveCfg = Debug|Any CPU
		{2AC6DBB5-0577-47FC-A979-B6605ACEECDD}.Debug|Any CPU.Build.0 = Debug|Any CPU
		{2AC6DBB5-0577-47FC-A979-B6605ACEECDD}.Release|Any CPU.ActiveCfg = Release|Any CPU
		{2AC6DBB5-0577-47FC-A979-B6605ACEECDD}.Release|Any CPU.Build.0 = Release|Any CPU
	EndGlobalSection
	GlobalSection(SolutionProperties) = preSolution
		HideSolutionNode = FALSE
	EndGlobalSection
	GlobalSection(ExtensibilityGlobals) = postSolution
		SolutionGuid = {C9588041-ED7F-4CB0-AB4A-A193B5BDE0BF}
	EndGlobalSection
EndGlobal
